
Microsoft Visual Studio Solution File, Format Version 12.00
# Visual Studio Version 17
VisualStudioVersion = 17.7.34202.233
MinimumVisualStudioVersion = 10.0.40219.1
Project("{FAE04EC0-301F-11D3-BF4B-00C04F79EFBC}") = "WpfAppDataContext", "WpfAppDataContext\WpfAppDataContext.csproj", "{AB815EC6-E3B6-4B93-9017-7BA553E210D3}"
EndProject
Project("{FAE04EC0-301F-11D3-BF4B-00C04F79EFBC}") = "ClassLibraryForDG", "ClassLibraryForDG\ClassLibraryForDG.csproj", "{0F80551A-7779-489A-B276-FB21AA6CF7A1}"
EndProject
Global
	GlobalSection(SolutionConfigurationPlatforms) = preSolution
		Debug|Any CPU = Debug|Any CPU
		Release|Any CPU = Release|Any CPU
	EndGlobalSection
	GlobalSection(ProjectConfigurationPlatforms) = postSolution
		{AB815EC6-E3B6-4B93-9017-7BA553E210D3}.Debug|Any CPU.ActiveCfg = Debug|Any CPU
		{AB815EC6-E3B6-4B93-9017-7BA553E210D3}.Debug|Any CPU.Build.0 = Debug|Any CPU
		{AB815EC6-E3B6-4B93-9017-7BA553E210D3}.Release|Any CPU.ActiveCfg = Release|Any CPU
		{AB815EC6-E3B6-4B93-9017-7BA553E210D3}.Release|Any CPU.Build.0 = Release|Any CPU
		{0F80551A-7779-489A-B276-FB21AA6CF7A1}.Debug|Any CPU.ActiveCfg = Debug|Any CPU
		{0F80551A-7779-489A-B276-FB21AA6CF7A1}.Debug|Any CPU.Build.0 = Debug|Any CPU
		{0F80551A-7779-489A-B276-FB21AA6CF7A1}.Release|Any CPU.ActiveCfg = Release|Any CPU
		{0F80551A-7779-489A-B276-FB21AA6CF7A1}.Release|Any CPU.Build.0 = Release|Any CPU
	EndGlobalSection
	GlobalSection(SolutionProperties) = preSolution
		HideSolutionNode = FALSE
	EndGlobalSection
	GlobalSection(ExtensibilityGlobals) = postSolution
		SolutionGuid = {8E0CBB84-6E68-4251-8572-D4D63F594069}
	EndGlobalSection
EndGlobal
